
Microsoft Visual Studio Solution File, Format Version 12.00
# Visual Studio Version 17
VisualStudioVersion = 17.7.34031.279
MinimumVisualStudioVersion = 10.0.40219.1
Project("{FAE04EC0-301F-11D3-BF4B-00C04F79EFBC}") = "Random_Kullanimi", "Random_Kullanimi\Random_Kullanimi.csproj", "{B18CC648-5B27-43A9-BB62-3A20CF88E05A}"
EndProject
Global
	GlobalSection(SolutionConfigurationPlatforms) = preSolution
		Debug|Any CPU = Debug|Any CPU
		Release|Any CPU = Release|Any CPU
	EndGlobalSection
	GlobalSection(ProjectConfigurationPlatforms) = postSolution
		{B18CC648-5B27-43A9-BB62-3A20CF88E05A}.Debug|Any CPU.ActiveCfg = Debug|Any CPU
		{B18CC648-5B27-43A9-BB62-3A20CF88E05A}.Debug|Any CPU.Build.0 = Debug|Any CPU
		{B18CC648-5B27-43A9-BB62-3A20CF88E05A}.Release|Any CPU.ActiveCfg = Release|Any CPU
		{B18CC648-5B27-43A9-BB62-3A20CF88E05A}.Release|Any CPU.Build.0 = Release|Any CPU
	EndGlobalSection
	GlobalSection(SolutionProperties) = preSolution
		HideSolutionNode = FALSE
	EndGlobalSection
	GlobalSection(ExtensibilityGlobals) = postSolution
		SolutionGuid = {ED80AF35-8AEB-4C5F-A3A7-A0FA27AC8355}
	EndGlobalSection
EndGlobal
