
Microsoft Visual Studio Solution File, Format Version 12.00
# Visual Studio Version 17
VisualStudioVersion = 17.7.34031.279
MinimumVisualStudioVersion = 10.0.40219.1
Project("{FAE04EC0-301F-11D3-BF4B-00C04F79EFBC}") = "Methods", "Methods\Methods.csproj", "{4940A1BC-B239-4781-9E78-78BE6DED4AE9}"
EndProject
Global
	GlobalSection(SolutionConfigurationPlatforms) = preSolution
		Debug|Any CPU = Debug|Any CPU
		Release|Any CPU = Release|Any CPU
	EndGlobalSection
	GlobalSection(ProjectConfigurationPlatforms) = postSolution
		{4940A1BC-B239-4781-9E78-78BE6DED4AE9}.Debug|Any CPU.ActiveCfg = Debug|Any CPU
		{4940A1BC-B239-4781-9E78-78BE6DED4AE9}.Debug|Any CPU.Build.0 = Debug|Any CPU
		{4940A1BC-B239-4781-9E78-78BE6DED4AE9}.Release|Any CPU.ActiveCfg = Release|Any CPU
		{4940A1BC-B239-4781-9E78-78BE6DED4AE9}.Release|Any CPU.Build.0 = Release|Any CPU
	EndGlobalSection
	GlobalSection(SolutionProperties) = preSolution
		HideSolutionNode = FALSE
	EndGlobalSection
	GlobalSection(ExtensibilityGlobals) = postSolution
		SolutionGuid = {39318CC0-DE93-458A-ABC7-3925E7B5F204}
	EndGlobalSection
EndGlobal
