
Microsoft Visual Studio Solution File, Format Version 12.00
# Visual Studio Version 17
VisualStudioVersion = 17.7.34031.279
MinimumVisualStudioVersion = 10.0.40219.1
Project("{FAE04EC0-301F-11D3-BF4B-00C04F79EFBC}") = "ContextMenuStrip", "ContextMenuStrip\ContextMenuStrip.csproj", "{D95DA7FE-2B60-45AF-AE73-346AB03A8201}"
EndProject
Global
	GlobalSection(SolutionConfigurationPlatforms) = preSolution
		Debug|Any CPU = Debug|Any CPU
		Release|Any CPU = Release|Any CPU
	EndGlobalSection
	GlobalSection(ProjectConfigurationPlatforms) = postSolution
		{D95DA7FE-2B60-45AF-AE73-346AB03A8201}.Debug|Any CPU.ActiveCfg = Debug|Any CPU
		{D95DA7FE-2B60-45AF-AE73-346AB03A8201}.Debug|Any CPU.Build.0 = Debug|Any CPU
		{D95DA7FE-2B60-45AF-AE73-346AB03A8201}.Release|Any CPU.ActiveCfg = Release|Any CPU
		{D95DA7FE-2B60-45AF-AE73-346AB03A8201}.Release|Any CPU.Build.0 = Release|Any CPU
	EndGlobalSection
	GlobalSection(SolutionProperties) = preSolution
		HideSolutionNode = FALSE
	EndGlobalSection
	GlobalSection(ExtensibilityGlobals) = postSolution
		SolutionGuid = {188E9987-B60F-4D31-95F4-8FC48A6B3F7B}
	EndGlobalSection
EndGlobal
