
Microsoft Visual Studio Solution File, Format Version 12.00
# Visual Studio Version 17
VisualStudioVersion = 17.7.34031.279
MinimumVisualStudioVersion = 10.0.40219.1
Project("{FAE04EC0-301F-11D3-BF4B-00C04F79EFBC}") = "Karar_Yapilari", "Karar_Yapilari\Karar_Yapilari.csproj", "{D8EEE2FB-BE8A-4E2D-A6ED-38CA73A47DBD}"
EndProject
Global
	GlobalSection(SolutionConfigurationPlatforms) = preSolution
		Debug|Any CPU = Debug|Any CPU
		Release|Any CPU = Release|Any CPU
	EndGlobalSection
	GlobalSection(ProjectConfigurationPlatforms) = postSolution
		{D8EEE2FB-BE8A-4E2D-A6ED-38CA73A47DBD}.Debug|Any CPU.ActiveCfg = Debug|Any CPU
		{D8EEE2FB-BE8A-4E2D-A6ED-38CA73A47DBD}.Debug|Any CPU.Build.0 = Debug|Any CPU
		{D8EEE2FB-BE8A-4E2D-A6ED-38CA73A47DBD}.Release|Any CPU.ActiveCfg = Release|Any CPU
		{D8EEE2FB-BE8A-4E2D-A6ED-38CA73A47DBD}.Release|Any CPU.Build.0 = Release|Any CPU
	EndGlobalSection
	GlobalSection(SolutionProperties) = preSolution
		HideSolutionNode = FALSE
	EndGlobalSection
	GlobalSection(ExtensibilityGlobals) = postSolution
		SolutionGuid = {FE62C035-312C-4E73-95A1-9B9EB89079D1}
	EndGlobalSection
EndGlobal
