
Microsoft Visual Studio Solution File, Format Version 12.00
# Visual Studio Version 17
VisualStudioVersion = 17.7.34031.279
MinimumVisualStudioVersion = 10.0.40219.1
Project("{FAE04EC0-301F-11D3-BF4B-00C04F79EFBC}") = "Console_App", "Console_App\Console_App.csproj", "{F1D95A29-639D-44AE-B0D6-D093064C6C49}"
EndProject
Global
	GlobalSection(SolutionConfigurationPlatforms) = preSolution
		Debug|Any CPU = Debug|Any CPU
		Release|Any CPU = Release|Any CPU
	EndGlobalSection
	GlobalSection(ProjectConfigurationPlatforms) = postSolution
		{F1D95A29-639D-44AE-B0D6-D093064C6C49}.Debug|Any CPU.ActiveCfg = Debug|Any CPU
		{F1D95A29-639D-44AE-B0D6-D093064C6C49}.Debug|Any CPU.Build.0 = Debug|Any CPU
		{F1D95A29-639D-44AE-B0D6-D093064C6C49}.Release|Any CPU.ActiveCfg = Release|Any CPU
		{F1D95A29-639D-44AE-B0D6-D093064C6C49}.Release|Any CPU.Build.0 = Release|Any CPU
	EndGlobalSection
	GlobalSection(SolutionProperties) = preSolution
		HideSolutionNode = FALSE
	EndGlobalSection
	GlobalSection(ExtensibilityGlobals) = postSolution
		SolutionGuid = {BC1ECA29-1210-4E9D-A519-839C04E73C29}
	EndGlobalSection
EndGlobal
